
Microsoft Visual Studio Solution File, Format Version 12.00
# Visual Studio Version 17
VisualStudioVersion = 17.8.34511.84
MinimumVisualStudioVersion = 10.0.40219.1
Project("{9A19103F-16F7-4668-BE54-9A1E7A4F7556}") = "TZADotNetCore.ConsoleApp", "TZADotNetCore.ConsoleApp\TZADotNetCore.ConsoleApp.csproj", "{7244B3E5-54FF-42B9-8597-FC97B6D92646}"
EndProject
Project("{2150E333-8FDC-42A3-9474-1A3956D46DE8}") = "Documents", "Documents", "{C15A9B51-A73E-44F8-BD08-850CEA15E591}"
	ProjectSection(SolutionItems) = preProject
		README.md = README.md
	EndProjectSection
EndProject
Global
	GlobalSection(SolutionConfigurationPlatforms) = preSolution
		Debug|Any CPU = Debug|Any CPU
		Release|Any CPU = Release|Any CPU
	EndGlobalSection
	GlobalSection(ProjectConfigurationPlatforms) = postSolution
		{7244B3E5-54FF-42B9-8597-FC97B6D92646}.Debug|Any CPU.ActiveCfg = Debug|Any CPU
		{7244B3E5-54FF-42B9-8597-FC97B6D92646}.Debug|Any CPU.Build.0 = Debug|Any CPU
		{7244B3E5-54FF-42B9-8597-FC97B6D92646}.Release|Any CPU.ActiveCfg = Release|Any CPU
		{7244B3E5-54FF-42B9-8597-FC97B6D92646}.Release|Any CPU.Build.0 = Release|Any CPU
	EndGlobalSection
	GlobalSection(SolutionProperties) = preSolution
		HideSolutionNode = FALSE
	EndGlobalSection
	GlobalSection(ExtensibilityGlobals) = postSolution
		SolutionGuid = {79B6DD8F-1970-4E69-8707-791F918F5B3D}
	EndGlobalSection
EndGlobal
